// !$*UTF8*$!
{
	archiveVersion = 1;
	classes = {
	};
	objectVersion = 50;
	objects = {

/* Begin PBXBuildFile section */
		D8103D9E21DAE7C7004DD753 /* AppDelegate.swift in Sources */ = {isa = PBXBuildFile; fileRef = D8103D9D21DAE7C7004DD753 /* AppDelegate.swift */; };
		D8103DA021DAE7C7004DD753 /* NoteVC.swift in Sources */ = {isa = PBXBuildFile; fileRef = D8103D9F21DAE7C7004DD753 /* NoteVC.swift */; };
		D8103DA321DAE7C7004DD753 /* Main.storyboard in Resources */ = {isa = PBXBuildFile; fileRef = D8103DA121DAE7C7004DD753 /* Main.storyboard */; };
		D8103DA521DAE7C9004DD753 /* Assets.xcassets in Resources */ = {isa = PBXBuildFile; fileRef = D8103DA421DAE7C9004DD753 /* Assets.xcassets */; };
		D8103DA821DAE7C9004DD753 /* LaunchScreen.storyboard in Resources */ = {isa = PBXBuildFile; fileRef = D8103DA621DAE7C9004DD753 /* LaunchScreen.storyboard */; };
		D8103DB521DAEC26004DD753 /* Note.swift in Sources */ = {isa = PBXBuildFile; fileRef = D8103DB421DAEC26004DD753 /* Note.swift */; };
		D8103DB721DAEC7B004DD753 /* LockStatus.swift in Sources */ = {isa = PBXBuildFile; fileRef = D8103DB621DAEC7B004DD753 /* LockStatus.swift */; };
		D8103DB921DAECFB004DD753 /* NoteObjects.swift in Sources */ = {isa = PBXBuildFile; fileRef = D8103DB821DAECFB004DD753 /* NoteObjects.swift */; };
		D8103DBB21DAF283004DD753 /* NoteCell.swift in Sources */ = {isa = PBXBuildFile; fileRef = D8103DBA21DAF283004DD753 /* NoteCell.swift */; };
		D814764B21DD72B2007C8208 /* NoteDetailVC.swift in Sources */ = {isa = PBXBuildFile; fileRef = D814764A21DD72B2007C8208 /* NoteDetailVC.swift */; };
		D82F5AB721E016630094862F /* Helpers.swift in Sources */ = {isa = PBXBuildFile; fileRef = D82F5AB621E016630094862F /* Helpers.swift */; };
/* End PBXBuildFile section */

/* Begin PBXFileReference section */
		D8103D9A21DAE7C7004DD753 /* SecureNote.app */ = {isa = PBXFileReference; explicitFileType = wrapper.application; includeInIndex = 0; path = SecureNote.app; sourceTree = BUILT_PRODUCTS_DIR; };
		D8103D9D21DAE7C7004DD753 /* AppDelegate.swift */ = {isa = PBXFileReference; lastKnownFileType = sourcecode.swift; path = AppDelegate.swift; sourceTree = "<group>"; };
		D8103D9F21DAE7C7004DD753 /* NoteVC.swift */ = {isa = PBXFileReference; lastKnownFileType = sourcecode.swift; path = NoteVC.swift; sourceTree = "<group>"; };
		D8103DA221DAE7C7004DD753 /* Base */ = {isa = PBXFileReference; lastKnownFileType = file.storyboard; name = Base; path = Base.lproj/Main.storyboard; sourceTree = "<group>"; };
		D8103DA421DAE7C9004DD753 /* Assets.xcassets */ = {isa = PBXFileReference; lastKnownFileType = folder.assetcatalog; path = Assets.xcassets; sourceTree = "<group>"; };
		D8103DA721DAE7C9004DD753 /* Base */ = {isa = PBXFileReference; lastKnownFileType = file.storyboard; name = Base; path = Base.lproj/LaunchScreen.storyboard; sourceTree = "<group>"; };
		D8103DA921DAE7C9004DD753 /* Info.plist */ = {isa = PBXFileReference; lastKnownFileType = text.plist.xml; path = Info.plist; sourceTree = "<group>"; };
		D8103DB421DAEC26004DD753 /* Note.swift */ = {isa = PBXFileReference; lastKnownFileType = sourcecode.swift; path = Note.swift; sourceTree = "<group>"; };
		D8103DB621DAEC7B004DD753 /* LockStatus.swift */ = {isa = PBXFileReference; lastKnownFileType = sourcecode.swift; path = LockStatus.swift; sourceTree = "<group>"; };
		D8103DB821DAECFB004DD753 /* NoteObjects.swift */ = {isa = PBXFileReference; lastKnownFileType = sourcecode.swift; path = NoteObjects.swift; sourceTree = "<group>"; };
		D8103DBA21DAF283004DD753 /* NoteCell.swift */ = {isa = PBXFileReference; lastKnownFileType = sourcecode.swift; path = NoteCell.swift; sourceTree = "<group>"; };
		D814764A21DD72B2007C8208 /* NoteDetailVC.swift */ = {isa = PBXFileReference; lastKnownFileType = sourcecode.swift; path = NoteDetailVC.swift; sourceTree = "<group>"; };
		D82F5AB621E016630094862F /* Helpers.swift */ = {isa = PBXFileReference; lastKnownFileType = sourcecode.swift; path = Helpers.swift; sourceTree = "<group>"; };
/* End PBXFileReference section */

/* Begin PBXFrameworksBuildPhase section */
		D8103D9721DAE7C7004DD753 /* Frameworks */ = {
			isa = PBXFrameworksBuildPhase;
			buildActionMask = 2147483647;
			files = (
			);
			runOnlyForDeploymentPostprocessing = 0;
		};
/* End PBXFrameworksBuildPhase section */

/* Begin PBXGroup section */
		D8103D9121DAE7C7004DD753 = {
			isa = PBXGroup;
			children = (
				D8103D9C21DAE7C7004DD753 /* SecureNote */,
				D8103D9B21DAE7C7004DD753 /* Products */,
			);
			sourceTree = "<group>";
		};
		D8103D9B21DAE7C7004DD753 /* Products */ = {
			isa = PBXGroup;
			children = (
				D8103D9A21DAE7C7004DD753 /* SecureNote.app */,
			);
			name = Products;
			sourceTree = "<group>";
		};
		D8103D9C21DAE7C7004DD753 /* SecureNote */ = {
			isa = PBXGroup;
			children = (
				D8103DB321DAE8E8004DD753 /* Enums */,
				D8103DB221DAE8DB004DD753 /* Utilities */,
				D8103DB121DAE8D4004DD753 /* Model */,
				D8103DB021DAE8CB004DD753 /* View */,
				D8103DAF21DAE8BF004DD753 /* Controller */,
				D8103D9D21DAE7C7004DD753 /* AppDelegate.swift */,
				D8103DA121DAE7C7004DD753 /* Main.storyboard */,
				D8103DA421DAE7C9004DD753 /* Assets.xcassets */,
				D8103DA621DAE7C9004DD753 /* LaunchScreen.storyboard */,
				D8103DA921DAE7C9004DD753 /* Info.plist */,
			);
			path = SecureNote;
			sourceTree = "<group>";
		};
		D8103DAF21DAE8BF004DD753 /* Controller */ = {
			isa = PBXGroup;
			children = (
				D8103D9F21DAE7C7004DD753 /* NoteVC.swift */,
				D814764A21DD72B2007C8208 /* NoteDetailVC.swift */,
			);
			path = Controller;
			sourceTree = "<group>";
		};
		D8103DB021DAE8CB004DD753 /* View */ = {
			isa = PBXGroup;
			children = (
				D8103DBA21DAF283004DD753 /* NoteCell.swift */,
			);
			path = View;
			sourceTree = "<group>";
		};
		D8103DB121DAE8D4004DD753 /* Model */ = {
			isa = PBXGroup;
			children = (
				D8103DB421DAEC26004DD753 /* Note.swift */,
			);
			path = Model;
			sourceTree = "<group>";
		};
		D8103DB221DAE8DB004DD753 /* Utilities */ = {
			isa = PBXGroup;
			children = (
				D8103DB821DAECFB004DD753 /* NoteObjects.swift */,
				D82F5AB621E016630094862F /* Helpers.swift */,
			);
			path = Utilities;
			sourceTree = "<group>";
		};
		D8103DB321DAE8E8004DD753 /* Enums */ = {
			isa = PBXGroup;
			children = (
				D8103DB621DAEC7B004DD753 /* LockStatus.swift */,
			);
			path = Enums;
			sourceTree = "<group>";
		};
/* End PBXGroup section */

/* Begin PBXNativeTarget section */
		D8103D9921DAE7C7004DD753 /* SecureNote */ = {
			isa = PBXNativeTarget;
			buildConfigurationList = D8103DAC21DAE7C9004DD753 /* Build configuration list for PBXNativeTarget "SecureNote" */;
			buildPhases = (
				D8103D9621DAE7C7004DD753 /* Sources */,
				D8103D9721DAE7C7004DD753 /* Frameworks */,
				D8103D9821DAE7C7004DD753 /* Resources */,
			);
			buildRules = (
			);
			dependencies = (
			);
			name = SecureNote;
			productName = SecureNote;
			productReference = D8103D9A21DAE7C7004DD753 /* SecureNote.app */;
			productType = "com.apple.product-type.application";
		};
/* End PBXNativeTarget section */

/* Begin PBXProject section */
		D8103D9221DAE7C7004DD753 /* Project object */ = {
			isa = PBXProject;
			attributes = {
				LastSwiftUpdateCheck = 1010;
				LastUpgradeCheck = 1010;
				ORGANIZATIONNAME = gdm;
				TargetAttributes = {
					D8103D9921DAE7C7004DD753 = {
						CreatedOnToolsVersion = 10.1;
					};
				};
			};
			buildConfigurationList = D8103D9521DAE7C7004DD753 /* Build configuration list for PBXProject "SecureNote" */;
			compatibilityVersion = "Xcode 9.3";
			developmentRegion = en;
			hasScannedForEncodings = 0;
			knownRegions = (
				en,
				Base,
			);
			mainGroup = D8103D9121DAE7C7004DD753;
			productRefGroup = D8103D9B21DAE7C7004DD753 /* Products */;
			projectDirPath = "";
			projectRoot = "";
			targets = (
				D8103D9921DAE7C7004DD753 /* SecureNote */,
			);
		};
/* End PBXProject section */

/* Begin PBXResourcesBuildPhase section */
		D8103D9821DAE7C7004DD753 /* Resources */ = {
			isa = PBXResourcesBuildPhase;
			buildActionMask = 2147483647;
			files = (
				D8103DA821DAE7C9004DD753 /* LaunchScreen.storyboard in Resources */,
				D8103DA521DAE7C9004DD753 /* Assets.xcassets in Resources */,
				D8103DA321DAE7C7004DD753 /* Main.storyboard in Resources */,
			);
			runOnlyForDeploymentPostprocessing = 0;
		};
/* End PBXResourcesBuildPhase section */

/* Begin PBXSourcesBuildPhase section */
		D8103D9621DAE7C7004DD753 /* Sources */ = {
			isa = PBXSourcesBuildPhase;
			buildActionMask = 2147483647;
			files = (
				D8103DB921DAECFB004DD753 /* NoteObjects.swift in Sources */,
				D814764B21DD72B2007C8208 /* NoteDetailVC.swift in Sources */,
				D8103DB721DAEC7B004DD753 /* LockStatus.swift in Sources */,
				D82F5AB721E016630094862F /* Helpers.swift in Sources */,
				D8103DA021DAE7C7004DD753 /* NoteVC.swift in Sources */,
				D8103DBB21DAF283004DD753 /* NoteCell.swift in Sources */,
				D8103D9E21DAE7C7004DD753 /* AppDelegate.swift in Sources */,
				D8103DB521DAEC26004DD753 /* Note.swift in Sources */,
			);
			runOnlyForDeploymentPostprocessing = 0;
		};
/* End PBXSourcesBuildPhase section */

/* Begin PBXVariantGroup section */
		D8103DA121DAE7C7004DD753 /* Main.storyboard */ = {
			isa = PBXVariantGroup;
			children = (
				D8103DA221DAE7C7004DD753 /* Base */,
			);
			name = Main.storyboard;
			sourceTree = "<group>";
		};
		D8103DA621DAE7C9004DD753 /* LaunchScreen.storyboard */ = {
			isa = PBXVariantGroup;
			children = (
				D8103DA721DAE7C9004DD753 /* Base */,
			);
			name = LaunchScreen.storyboard;
			sourceTree = "<group>";
		};
/* End PBXVariantGroup section */

/* Begin XCBuildConfiguration section */
		D8103DAA21DAE7C9004DD753 /* Debug */ = {
			isa = XCBuildConfiguration;
			buildSettings = {
				ALWAYS_SEARCH_USER_PATHS = NO;
				CLANG_ANALYZER_NONNULL = YES;
				CLANG_ANALYZER_NUMBER_OBJECT_CONVERSION = YES_AGGRESSIVE;
				CLANG_CXX_LANGUAGE_STANDARD = "gnu++14";
				CLANG_CXX_LIBRARY = "libc++";
				CLANG_ENABLE_MODULES = YES;
				CLANG_ENABLE_OBJC_ARC = YES;
				CLANG_ENABLE_OBJC_WEAK = YES;
				CLANG_WARN_BLOCK_CAPTURE_AUTORELEASING = YES;
				CLANG_WARN_BOOL_CONVERSION = YES;
				CLANG_WARN_COMMA = YES;
				CLANG_WARN_CONSTANT_CONVERSION = YES;
				CLANG_WARN_DEPRECATED_OBJC_IMPLEMENTATIONS = YES;
				CLANG_WARN_DIRECT_OBJC_ISA_USAGE = YES_ERROR;
				CLANG_WARN_DOCUMENTATION_COMMENTS = YES;
				CLANG_WARN_EMPTY_BODY = YES;
				CLANG_WARN_ENUM_CONVERSION = YES;
				CLANG_WARN_INFINITE_RECURSION = YES;
				CLANG_WARN_INT_CONVERSION = YES;
				CLANG_WARN_NON_LITERAL_NULL_CONVERSION = YES;
				CLANG_WARN_OBJC_IMPLICIT_RETAIN_SELF = YES;
				CLANG_WARN_OBJC_LITERAL_CONVERSION = YES;
				CLANG_WARN_OBJC_ROOT_CLASS = YES_ERROR;
				CLANG_WARN_RANGE_LOOP_ANALYSIS = YES;
				CLANG_WARN_STRICT_PROTOTYPES = YES;
				CLANG_WARN_SUSPICIOUS_MOVE = YES;
				CLANG_WARN_UNGUARDED_AVAILABILITY = YES_AGGRESSIVE;
				CLANG_WARN_UNREACHABLE_CODE = YES;
				CLANG_WARN__DUPLICATE_METHOD_MATCH = YES;
				CODE_SIGN_IDENTITY = "iPhone Developer";
				COPY_PHASE_STRIP = NO;
				DEBUG_INFORMATION_FORMAT = dwarf;
				ENABLE_STRICT_OBJC_MSGSEND = YES;
				ENABLE_TESTABILITY = YES;
				GCC_C_LANGUAGE_STANDARD = gnu11;
				GCC_DYNAMIC_NO_PIC = NO;
				GCC_NO_COMMON_BLOCKS = YES;
				GCC_OPTIMIZATION_LEVEL = 0;
				GCC_PREPROCESSOR_DEFINITIONS = (
					"DEBUG=1",
					"$(inherited)",
				);
				GCC_WARN_64_TO_32_BIT_CONVERSION = YES;
				GCC_WARN_ABOUT_RETURN_TYPE = YES_ERROR;
				GCC_WARN_UNDECLARED_SELECTOR = YES;
				GCC_WARN_UNINITIALIZED_AUTOS = YES_AGGRESSIVE;
				GCC_WARN_UNUSED_FUNCTION = YES;
				GCC_WARN_UNUSED_VARIABLE = YES;
				IPHONEOS_DEPLOYMENT_TARGET = 12.1;
				MTL_ENABLE_DEBUG_INFO = INCLUDE_SOURCE;
				MTL_FAST_MATH = YES;
				ONLY_ACTIVE_ARCH = YES;
				SDKROOT = iphoneos;
				SWIFT_ACTIVE_COMPILATION_CONDITIONS = DEBUG;
				SWIFT_OPTIMIZATION_LEVEL = "-Onone";
			};
			name = Debug;
		};
		D8103DAB21DAE7C9004DD753 /* Release */ = {
			isa = XCBuildConfiguration;
			buildSettings = {
				ALWAYS_SEARCH_USER_PATHS = NO;
				CLANG_ANALYZER_NONNULL = YES;
				CLANG_ANALYZER_NUMBER_OBJECT_CONVERSION = YES_AGGRESSIVE;
				CLANG_CXX_LANGUAGE_STANDARD = "gnu++14";
				CLANG_CXX_LIBRARY = "libc++";
				CLANG_ENABLE_MODULES = YES;
				CLANG_ENABLE_OBJC_ARC = YES;
				CLANG_ENABLE_OBJC_WEAK = YES;
				CLANG_WARN_BLOCK_CAPTURE_AUTORELEASING = YES;
				CLANG_WARN_BOOL_CONVERSION = YES;
				CLANG_WARN_COMMA = YES;
				CLANG_WARN_CONSTANT_CONVERSION = YES;
				CLANG_WARN_DEPRECATED_OBJC_IMPLEMENTATIONS = YES;
				CLANG_WARN_DIRECT_OBJC_ISA_USAGE = YES_ERROR;
				CLANG_WARN_DOCUMENTATION_COMMENTS = YES;
				CLANG_WARN_EMPTY_BODY = YES;
				CLANG_WARN_ENUM_CONVERSION = YES;
				CLANG_WARN_INFINITE_RECURSION = YES;
				CLANG_WARN_INT_CONVERSION = YES;
				CLANG_WARN_NON_LITERAL_NULL_CONVERSION = YES;
				CLANG_WARN_OBJC_IMPLICIT_RETAIN_SELF = YES;
				CLANG_WARN_OBJC_LITERAL_CONVERSION = YES;
				CLANG_WARN_OBJC_ROOT_CLASS = YES_ERROR;
				CLANG_WARN_RANGE_LOOP_ANALYSIS = YES;
				CLANG_WARN_STRICT_PROTOTYPES = YES;
				CLANG_WARN_SUSPICIOUS_MOVE = YES;
				CLANG_WARN_UNGUARDED_AVAILABILITY = YES_AGGRESSIVE;
				CLANG_WARN_UNREACHABLE_CODE = YES;
				CLANG_WARN__DUPLICATE_METHOD_MATCH = YES;
				CODE_SIGN_IDENTITY = "iPhone Developer";
				COPY_PHASE_STRIP = NO;
				DEBUG_INFORMATION_FORMAT = "dwarf-with-dsym";
				ENABLE_NS_ASSERTIONS = NO;
				ENABLE_STRICT_OBJC_MSGSEND = YES;
				GCC_C_LANGUAGE_STANDARD = gnu11;
				GCC_NO_COMMON_BLOCKS = YES;
				GCC_WARN_64_TO_32_BIT_CONVERSION = YES;
				GCC_WARN_ABOUT_RETURN_TYPE = YES_ERROR;
				GCC_WARN_UNDECLARED_SELECTOR = YES;
				GCC_WARN_UNINITIALIZED_AUTOS = YES_AGGRESSIVE;
				GCC_WARN_UNUSED_FUNCTION = YES;
				GCC_WARN_UNUSED_VARIABLE = YES;
				IPHONEOS_DEPLOYMENT_TARGET = 12.1;
				MTL_ENABLE_DEBUG_INFO = NO;
				MTL_FAST_MATH = YES;
				SDKROOT = iphoneos;
				SWIFT_COMPILATION_MODE = wholemodule;
				SWIFT_OPTIMIZATION_LEVEL = "-O";
				VALIDATE_PRODUCT = YES;
			};
			name = Release;
		};
		D8103DAD21DAE7C9004DD753 /* Debug */ = {
			isa = XCBuildConfiguration;
			buildSettings = {
				ASSETCATALOG_COMPILER_APPICON_NAME = AppIcon;
				CODE_SIGN_STYLE = Automatic;
				DEVELOPMENT_TEAM = 2967PHFU2S;
				INFOPLIST_FILE = SecureNote/Info.plist;
				LD_RUNPATH_SEARCH_PATHS = (
					"$(inherited)",
					"@executable_path/Frameworks",
				);
				PRODUCT_BUNDLE_IDENTIFIER = com.grandaddymac.SecureNote;
				PRODUCT_NAME = "$(TARGET_NAME)";
				SWIFT_VERSION = 4.2;
				TARGETED_DEVICE_FAMILY = "1,2";
			};
			name = Debug;
		};
		D8103DAE21DAE7C9004DD753 /* Release */ = {
			isa = XCBuildConfiguration;
			buildSettings = {
				ASSETCATALOG_COMPILER_APPICON_NAME = AppIcon;
				CODE_SIGN_STYLE = Automatic;
				DEVELOPMENT_TEAM = 2967PHFU2S;
				INFOPLIST_FILE = SecureNote/Info.plist;
				LD_RUNPATH_SEARCH_PATHS = (
					"$(inherited)",
					"@executable_path/Frameworks",
				);
				PRODUCT_BUNDLE_IDENTIFIER = com.grandaddymac.SecureNote;
				PRODUCT_NAME = "$(TARGET_NAME)";
				SWIFT_VERSION = 4.2;
				TARGETED_DEVICE_FAMILY = "1,2";
			};
			name = Release;
		};
/* End XCBuildConfiguration section */

/* Begin XCConfigurationList section */
		D8103D9521DAE7C7004DD753 /* Build configuration list for PBXProject "SecureNote" */ = {
			isa = XCConfigurationList;
			buildConfigurations = (
				D8103DAA21DAE7C9004DD753 /* Debug */,
				D8103DAB21DAE7C9004DD753 /* Release */,
			);
			defaultConfigurationIsVisible = 0;
			defaultConfigurationName = Release;
		};
		D8103DAC21DAE7C9004DD753 /* Build configuration list for PBXNativeTarget "SecureNote" */ = {
			isa = XCConfigurationList;
			buildConfigurations = (
				D8103DAD21DAE7C9004DD753 /* Debug */,
				D8103DAE21DAE7C9004DD753 /* Release */,
			);
			defaultConfigurationIsVisible = 0;
			defaultConfigurationName = Release;
		};
/* End XCConfigurationList section */
	};
	rootObject = D8103D9221DAE7C7004DD753 /* Project object */;
}
